
Microsoft Visual Studio Solution File, Format Version 12.00
# Visual Studio 15
VisualStudioVersion = 15.0.28307.489
MinimumVisualStudioVersion = 10.0.40219.1
Project("{FAE04EC0-301F-11D3-BF4B-00C04F79EFBC}") = "PizzaMaker", "PizzaMaker\PizzaMaker.csproj", "{C72A5582-171C-413A-BCA0-63E33A9F067A}"
EndProject
Project("{FAE04EC0-301F-11D3-BF4B-00C04F79EFBC}") = "Database", "Database\Database.csproj", "{7D426CCC-6EB4-4650-8C4A-E030B0F1FE29}"
EndProject
Project("{FAE04EC0-301F-11D3-BF4B-00C04F79EFBC}") = "Presentation", "Presentation\Presentation.csproj", "{BAB484EA-2426-4711-AD23-D0D85F041321}"
EndProject
Global
	GlobalSection(SolutionConfigurationPlatforms) = preSolution
		Debug|Any CPU = Debug|Any CPU
		Release|Any CPU = Release|Any CPU
	EndGlobalSection
	GlobalSection(ProjectConfigurationPlatforms) = postSolution
		{C72A5582-171C-413A-BCA0-63E33A9F067A}.Debug|Any CPU.ActiveCfg = Debug|Any CPU
		{C72A5582-171C-413A-BCA0-63E33A9F067A}.Debug|Any CPU.Build.0 = Debug|Any CPU
		{C72A5582-171C-413A-BCA0-63E33A9F067A}.Release|Any CPU.ActiveCfg = Release|Any CPU
		{C72A5582-171C-413A-BCA0-63E33A9F067A}.Release|Any CPU.Build.0 = Release|Any CPU
		{7D426CCC-6EB4-4650-8C4A-E030B0F1FE29}.Debug|Any CPU.ActiveCfg = Debug|Any CPU
		{7D426CCC-6EB4-4650-8C4A-E030B0F1FE29}.Debug|Any CPU.Build.0 = Debug|Any CPU
		{7D426CCC-6EB4-4650-8C4A-E030B0F1FE29}.Release|Any CPU.ActiveCfg = Release|Any CPU
		{7D426CCC-6EB4-4650-8C4A-E030B0F1FE29}.Release|Any CPU.Build.0 = Release|Any CPU
		{BAB484EA-2426-4711-AD23-D0D85F041321}.Debug|Any CPU.ActiveCfg = Debug|Any CPU
		{BAB484EA-2426-4711-AD23-D0D85F041321}.Debug|Any CPU.Build.0 = Debug|Any CPU
		{BAB484EA-2426-4711-AD23-D0D85F041321}.Release|Any CPU.ActiveCfg = Release|Any CPU
		{BAB484EA-2426-4711-AD23-D0D85F041321}.Release|Any CPU.Build.0 = Release|Any CPU
	EndGlobalSection
	GlobalSection(SolutionProperties) = preSolution
		HideSolutionNode = FALSE
	EndGlobalSection
	GlobalSection(ExtensibilityGlobals) = postSolution
		SolutionGuid = {A3AFAA1E-4647-4DB6-B21B-FC3452AA2E7B}
	EndGlobalSection
EndGlobal
